
Microsoft Visual Studio Solution File, Format Version 12.00
# Visual Studio 15
VisualStudioVersion = 15.0.28307.779
MinimumVisualStudioVersion = 10.0.40219.1
Project("{E24C65DC-7377-472B-9ABA-BC803B73C61A}") = "COVID-Tracker-Services", "COVID-Tracker-Services", "{F3EA48B7-6E52-4B55-BBA2-FF9937D20D12}"
	ProjectSection(WebsiteProperties) = preProject
		TargetFrameworkMoniker = ".NETFramework,Version%3Dv4.6.1"
		Debug.AspNetCompiler.VirtualPath = "/localhost_20199"
		Debug.AspNetCompiler.PhysicalPath = "COVID-Tracker-Services\"
		Debug.AspNetCompiler.TargetPath = "PrecompiledWeb\localhost_20199\"
		Debug.AspNetCompiler.Updateable = "true"
		Debug.AspNetCompiler.ForceOverwrite = "true"
		Debug.AspNetCompiler.FixedNames = "false"
		Debug.AspNetCompiler.Debug = "True"
		Release.AspNetCompiler.VirtualPath = "/localhost_20199"
		Release.AspNetCompiler.PhysicalPath = "COVID-Tracker-Services\"
		Release.AspNetCompiler.TargetPath = "PrecompiledWeb\localhost_20199\"
		Release.AspNetCompiler.Updateable = "true"
		Release.AspNetCompiler.ForceOverwrite = "true"
		Release.AspNetCompiler.FixedNames = "false"
		Release.AspNetCompiler.Debug = "False"
		VWDPort = "20199"
		SlnRelativePath = "COVID-Tracker-Services\"
		DefaultWebSiteLanguage = "Visual C#"
	EndProjectSection
EndProject
Global
	GlobalSection(SolutionConfigurationPlatforms) = preSolution
		Debug|Any CPU = Debug|Any CPU
	EndGlobalSection
	GlobalSection(ProjectConfigurationPlatforms) = postSolution
		{F3EA48B7-6E52-4B55-BBA2-FF9937D20D12}.Debug|Any CPU.ActiveCfg = Debug|Any CPU
		{F3EA48B7-6E52-4B55-BBA2-FF9937D20D12}.Debug|Any CPU.Build.0 = Debug|Any CPU
	EndGlobalSection
	GlobalSection(SolutionProperties) = preSolution
		HideSolutionNode = FALSE
	EndGlobalSection
	GlobalSection(ExtensibilityGlobals) = postSolution
		SolutionGuid = {67DB687F-1A3B-4F99-A9EB-CBC6E6A54A5A}
	EndGlobalSection
EndGlobal
